
Microsoft Visual Studio Solution File, Format Version 12.00
# Visual Studio 15
VisualStudioVersion = 15.0.28307.106
MinimumVisualStudioVersion = 10.0.40219.1
Project("{FAE04EC0-301F-11D3-BF4B-00C04F79EFBC}") = "SeleniumTestsSDK", "SeleniumTestsSDK\SeleniumTestsSDK.csproj", "{50BABD8F-C434-460B-BA81-C0EBDE0EC175}"
EndProject
Global
	GlobalSection(SolutionConfigurationPlatforms) = preSolution
		Debug|Any CPU = Debug|Any CPU
		Release|Any CPU = Release|Any CPU
	EndGlobalSection
	GlobalSection(ProjectConfigurationPlatforms) = postSolution
		{50BABD8F-C434-460B-BA81-C0EBDE0EC175}.Debug|Any CPU.ActiveCfg = Debug|Any CPU
		{50BABD8F-C434-460B-BA81-C0EBDE0EC175}.Debug|Any CPU.Build.0 = Debug|Any CPU
		{50BABD8F-C434-460B-BA81-C0EBDE0EC175}.Release|Any CPU.ActiveCfg = Release|Any CPU
		{50BABD8F-C434-460B-BA81-C0EBDE0EC175}.Release|Any CPU.Build.0 = Release|Any CPU
	EndGlobalSection
	GlobalSection(SolutionProperties) = preSolution
		HideSolutionNode = FALSE
	EndGlobalSection
	GlobalSection(ExtensibilityGlobals) = postSolution
		SolutionGuid = {C40D637C-7F00-4D54-B64D-A1E355479E18}
	EndGlobalSection
EndGlobal
